PODS:
  - Flutter (1.0.0)

DEPENDENCIES:
  - Flutter (from `.symlinks/flutter/ios-release`)

EXTERNAL SOURCES:
  Flutter:
    :path: ".symlinks/flutter/ios-release"

SPEC CHECKSUMS:
  Flutter: 0e3d915762c693b495b44d77113d4970485de6ec

PODFILE CHECKSUM: be795e6b4b7745940709a5b1f597060da54a2597

COCOAPODS: 1.8.4
